// !$*UTF8*$!
{
	archiveVersion = 1;
	classes = {
	};
	objectVersion = 56;
	objects = {

/* Begin PBXBuildFile section */
		95367E7B2C7B9649007E490A /* Quiz_AppApp.swift in Sources */ = {isa = PBXBuildFile; fileRef = 95367E7A2C7B9649007E490A /* Quiz_AppApp.swift */; };
		95367E7D2C7B9649007E490A /* ContentView.swift in Sources */ = {isa = PBXBuildFile; fileRef = 95367E7C2C7B9649007E490A /* ContentView.swift */; };
		95367E7F2C7B964A007E490A /* Assets.xcassets in Resources */ = {isa = PBXBuildFile; fileRef = 95367E7E2C7B964A007E490A /* Assets.xcassets */; };
		95367E822C7B964A007E490A /* Preview Assets.xcassets in Resources */ = {isa = PBXBuildFile; fileRef = 95367E812C7B964A007E490A /* Preview Assets.xcassets */; };
		95367E8A2C7B9780007E490A /* Answer.swift in Sources */ = {isa = PBXBuildFile; fileRef = 95367E892C7B9780007E490A /* Answer.swift */; };
		95367E8C2C7B97BA007E490A /* CardData.swift in Sources */ = {isa = PBXBuildFile; fileRef = 95367E8B2C7B97BA007E490A /* CardData.swift */; };
		95367E8E2C7B97C8007E490A /* Trivia.swift in Sources */ = {isa = PBXBuildFile; fileRef = 95367E8D2C7B97C8007E490A /* Trivia.swift */; };
		95367E912C7B9C0D007E490A /* TriviaAPI.swift in Sources */ = {isa = PBXBuildFile; fileRef = 95367E902C7B9C0D007E490A /* TriviaAPI.swift */; };
		95367E942C7BA15B007E490A /* QuestionScreen.swift in Sources */ = {isa = PBXBuildFile; fileRef = 95367E932C7BA15B007E490A /* QuestionScreen.swift */; };
		95367E962C7BA167007E490A /* ResultScreen.swift in Sources */ = {isa = PBXBuildFile; fileRef = 95367E952C7BA167007E490A /* ResultScreen.swift */; };
		95367E982C7BA188007E490A /* SplashScreen.swift in Sources */ = {isa = PBXBuildFile; fileRef = 95367E972C7BA188007E490A /* SplashScreen.swift */; };
		95367E9A2C7BA193007E490A /* WelcomeScreen.swift in Sources */ = {isa = PBXBuildFile; fileRef = 95367E992C7BA193007E490A /* WelcomeScreen.swift */; };
		95367E9D2C7BA26B007E490A /* AnswerField.swift in Sources */ = {isa = PBXBuildFile; fileRef = 95367E9C2C7BA26B007E490A /* AnswerField.swift */; };
		95367E9F2C7BA279007E490A /* PrimaryButton.swift in Sources */ = {isa = PBXBuildFile; fileRef = 95367E9E2C7BA279007E490A /* PrimaryButton.swift */; };
		95367EA12C7BA285007E490A /* ProgressBar.swift in Sources */ = {isa = PBXBuildFile; fileRef = 95367EA02C7BA285007E490A /* ProgressBar.swift */; };
		95367EA32C7BA295007E490A /* ResultCardView.swift in Sources */ = {isa = PBXBuildFile; fileRef = 95367EA22C7BA295007E490A /* ResultCardView.swift */; };
/* End PBXBuildFile section */

/* Begin PBXFileReference section */
		95367E772C7B9649007E490A /* Quiz-App.app */ = {isa = PBXFileReference; explicitFileType = wrapper.application; includeInIndex = 0; path = "Quiz-App.app"; sourceTree = BUILT_PRODUCTS_DIR; };
		95367E7A2C7B9649007E490A /* Quiz_AppApp.swift */ = {isa = PBXFileReference; lastKnownFileType = sourcecode.swift; path = Quiz_AppApp.swift; sourceTree = "<group>"; };
		95367E7C2C7B9649007E490A /* ContentView.swift */ = {isa = PBXFileReference; lastKnownFileType = sourcecode.swift; path = ContentView.swift; sourceTree = "<group>"; };
		95367E7E2C7B964A007E490A /* Assets.xcassets */ = {isa = PBXFileReference; lastKnownFileType = folder.assetcatalog; path = Assets.xcassets; sourceTree = "<group>"; };
		95367E812C7B964A007E490A /* Preview Assets.xcassets */ = {isa = PBXFileReference; lastKnownFileType = folder.assetcatalog; path = "Preview Assets.xcassets"; sourceTree = "<group>"; };
		95367E892C7B9780007E490A /* Answer.swift */ = {isa = PBXFileReference; lastKnownFileType = sourcecode.swift; path = Answer.swift; sourceTree = "<group>"; };
		95367E8B2C7B97BA007E490A /* CardData.swift */ = {isa = PBXFileReference; lastKnownFileType = sourcecode.swift; path = CardData.swift; sourceTree = "<group>"; };
		95367E8D2C7B97C8007E490A /* Trivia.swift */ = {isa = PBXFileReference; lastKnownFileType = sourcecode.swift; path = Trivia.swift; sourceTree = "<group>"; };
		95367E902C7B9C0D007E490A /* TriviaAPI.swift */ = {isa = PBXFileReference; lastKnownFileType = sourcecode.swift; path = TriviaAPI.swift; sourceTree = "<group>"; };
		95367E932C7BA15B007E490A /* QuestionScreen.swift */ = {isa = PBXFileReference; lastKnownFileType = sourcecode.swift; path = QuestionScreen.swift; sourceTree = "<group>"; };
		95367E952C7BA167007E490A /* ResultScreen.swift */ = {isa = PBXFileReference; lastKnownFileType = sourcecode.swift; path = ResultScreen.swift; sourceTree = "<group>"; };
		95367E972C7BA188007E490A /* SplashScreen.swift */ = {isa = PBXFileReference; lastKnownFileType = sourcecode.swift; path = SplashScreen.swift; sourceTree = "<group>"; };
		95367E992C7BA193007E490A /* WelcomeScreen.swift */ = {isa = PBXFileReference; lastKnownFileType = sourcecode.swift; path = WelcomeScreen.swift; sourceTree = "<group>"; };
		95367E9C2C7BA26B007E490A /* AnswerField.swift */ = {isa = PBXFileReference; lastKnownFileType = sourcecode.swift; path = AnswerField.swift; sourceTree = "<group>"; };
		95367E9E2C7BA279007E490A /* PrimaryButton.swift */ = {isa = PBXFileReference; lastKnownFileType = sourcecode.swift; path = PrimaryButton.swift; sourceTree = "<group>"; };
		95367EA02C7BA285007E490A /* ProgressBar.swift */ = {isa = PBXFileReference; lastKnownFileType = sourcecode.swift; path = ProgressBar.swift; sourceTree = "<group>"; };
		95367EA22C7BA295007E490A /* ResultCardView.swift */ = {isa = PBXFileReference; lastKnownFileType = sourcecode.swift; path = ResultCardView.swift; sourceTree = "<group>"; };
/* End PBXFileReference section */

/* Begin PBXFrameworksBuildPhase section */
		95367E742C7B9649007E490A /* Frameworks */ = {
			isa = PBXFrameworksBuildPhase;
			buildActionMask = 2147483647;
			files = (
			);
			runOnlyForDeploymentPostprocessing = 0;
		};
/* End PBXFrameworksBuildPhase section */

/* Begin PBXGroup section */
		95367E6E2C7B9649007E490A = {
			isa = PBXGroup;
			children = (
				95367E792C7B9649007E490A /* Quiz-App */,
				95367E782C7B9649007E490A /* Products */,
			);
			sourceTree = "<group>";
		};
		95367E782C7B9649007E490A /* Products */ = {
			isa = PBXGroup;
			children = (
				95367E772C7B9649007E490A /* Quiz-App.app */,
			);
			name = Products;
			sourceTree = "<group>";
		};
		95367E792C7B9649007E490A /* Quiz-App */ = {
			isa = PBXGroup;
			children = (
				95367E8F2C7B9BFC007E490A /* Network */,
				95367E882C7B976C007E490A /* Model */,
				95367E7A2C7B9649007E490A /* Quiz_AppApp.swift */,
				95367E9B2C7BA25B007E490A /* Components */,
				95367E922C7BA06B007E490A /* Screens */,
				95367E7C2C7B9649007E490A /* ContentView.swift */,
				95367E7E2C7B964A007E490A /* Assets.xcassets */,
				95367E802C7B964A007E490A /* Preview Content */,
			);
			path = "Quiz-App";
			sourceTree = "<group>";
		};
		95367E802C7B964A007E490A /* Preview Content */ = {
			isa = PBXGroup;
			children = (
				95367E812C7B964A007E490A /* Preview Assets.xcassets */,
			);
			path = "Preview Content";
			sourceTree = "<group>";
		};
		95367E882C7B976C007E490A /* Model */ = {
			isa = PBXGroup;
			children = (
				95367E892C7B9780007E490A /* Answer.swift */,
				95367E8B2C7B97BA007E490A /* CardData.swift */,
				95367E8D2C7B97C8007E490A /* Trivia.swift */,
			);
			path = Model;
			sourceTree = "<group>";
		};
		95367E8F2C7B9BFC007E490A /* Network */ = {
			isa = PBXGroup;
			children = (
				95367E902C7B9C0D007E490A /* TriviaAPI.swift */,
			);
			path = Network;
			sourceTree = "<group>";
		};
		95367E922C7BA06B007E490A /* Screens */ = {
			isa = PBXGroup;
			children = (
				95367E932C7BA15B007E490A /* QuestionScreen.swift */,
				95367E952C7BA167007E490A /* ResultScreen.swift */,
				95367E972C7BA188007E490A /* SplashScreen.swift */,
				95367E992C7BA193007E490A /* WelcomeScreen.swift */,
			);
			path = Screens;
			sourceTree = "<group>";
		};
		95367E9B2C7BA25B007E490A /* Components */ = {
			isa = PBXGroup;
			children = (
				95367E9C2C7BA26B007E490A /* AnswerField.swift */,
				95367E9E2C7BA279007E490A /* PrimaryButton.swift */,
				95367EA02C7BA285007E490A /* ProgressBar.swift */,
				95367EA22C7BA295007E490A /* ResultCardView.swift */,
			);
			path = Components;
			sourceTree = "<group>";
		};
/* End PBXGroup section */

/* Begin PBXNativeTarget section */
		95367E762C7B9649007E490A /* Quiz-App */ = {
			isa = PBXNativeTarget;
			buildConfigurationList = 95367E852C7B964B007E490A /* Build configuration list for PBXNativeTarget "Quiz-App" */;
			buildPhases = (
				95367E732C7B9649007E490A /* Sources */,
				95367E742C7B9649007E490A /* Frameworks */,
				95367E752C7B9649007E490A /* Resources */,
			);
			buildRules = (
			);
			dependencies = (
			);
			name = "Quiz-App";
			productName = "Quiz-App";
			productReference = 95367E772C7B9649007E490A /* Quiz-App.app */;
			productType = "com.apple.product-type.application";
		};
/* End PBXNativeTarget section */

/* Begin PBXProject section */
		95367E6F2C7B9649007E490A /* Project object */ = {
			isa = PBXProject;
			attributes = {
				BuildIndependentTargetsInParallel = 1;
				LastSwiftUpdateCheck = 1540;
				LastUpgradeCheck = 1540;
				TargetAttributes = {
					95367E762C7B9649007E490A = {
						CreatedOnToolsVersion = 15.4;
					};
				};
			};
			buildConfigurationList = 95367E722C7B9649007E490A /* Build configuration list for PBXProject "Quiz-App" */;
			compatibilityVersion = "Xcode 14.0";
			developmentRegion = en;
			hasScannedForEncodings = 0;
			knownRegions = (
				en,
				Base,
			);
			mainGroup = 95367E6E2C7B9649007E490A;
			productRefGroup = 95367E782C7B9649007E490A /* Products */;
			projectDirPath = "";
			projectRoot = "";
			targets = (
				95367E762C7B9649007E490A /* Quiz-App */,
			);
		};
/* End PBXProject section */

/* Begin PBXResourcesBuildPhase section */
		95367E752C7B9649007E490A /* Resources */ = {
			isa = PBXResourcesBuildPhase;
			buildActionMask = 2147483647;
			files = (
				95367E822C7B964A007E490A /* Preview Assets.xcassets in Resources */,
				95367E7F2C7B964A007E490A /* Assets.xcassets in Resources */,
			);
			runOnlyForDeploymentPostprocessing = 0;
		};
/* End PBXResourcesBuildPhase section */

/* Begin PBXSourcesBuildPhase section */
		95367E732C7B9649007E490A /* Sources */ = {
			isa = PBXSourcesBuildPhase;
			buildActionMask = 2147483647;
			files = (
				95367E982C7BA188007E490A /* SplashScreen.swift in Sources */,
				95367E9D2C7BA26B007E490A /* AnswerField.swift in Sources */,
				95367E8A2C7B9780007E490A /* Answer.swift in Sources */,
				95367E9A2C7BA193007E490A /* WelcomeScreen.swift in Sources */,
				95367E8C2C7B97BA007E490A /* CardData.swift in Sources */,
				95367E8E2C7B97C8007E490A /* Trivia.swift in Sources */,
				95367E9F2C7BA279007E490A /* PrimaryButton.swift in Sources */,
				95367E912C7B9C0D007E490A /* TriviaAPI.swift in Sources */,
				95367E962C7BA167007E490A /* ResultScreen.swift in Sources */,
				95367E942C7BA15B007E490A /* QuestionScreen.swift in Sources */,
				95367EA12C7BA285007E490A /* ProgressBar.swift in Sources */,
				95367E7D2C7B9649007E490A /* ContentView.swift in Sources */,
				95367E7B2C7B9649007E490A /* Quiz_AppApp.swift in Sources */,
				95367EA32C7BA295007E490A /* ResultCardView.swift in Sources */,
			);
			runOnlyForDeploymentPostprocessing = 0;
		};
/* End PBXSourcesBuildPhase section */

/* Begin XCBuildConfiguration section */
		95367E832C7B964A007E490A /* Debug */ = {
			isa = XCBuildConfiguration;
			buildSettings = {
				ALWAYS_SEARCH_USER_PATHS = NO;
				ASSETCATALOG_COMPILER_GENERATE_SWIFT_ASSET_SYMBOL_EXTENSIONS = YES;
				CLANG_ANALYZER_NONNULL = YES;
				CLANG_ANALYZER_NUMBER_OBJECT_CONVERSION = YES_AGGRESSIVE;
				CLANG_CXX_LANGUAGE_STANDARD = "gnu++20";
				CLANG_ENABLE_MODULES = YES;
				CLANG_ENABLE_OBJC_ARC = YES;
				CLANG_ENABLE_OBJC_WEAK = YES;
				CLANG_WARN_BLOCK_CAPTURE_AUTORELEASING = YES;
				CLANG_WARN_BOOL_CONVERSION = YES;
				CLANG_WARN_COMMA = YES;
				CLANG_WARN_CONSTANT_CONVERSION = YES;
				CLANG_WARN_DEPRECATED_OBJC_IMPLEMENTATIONS = YES;
				CLANG_WARN_DIRECT_OBJC_ISA_USAGE = YES_ERROR;
				CLANG_WARN_DOCUMENTATION_COMMENTS = YES;
				CLANG_WARN_EMPTY_BODY = YES;
				CLANG_WARN_ENUM_CONVERSION = YES;
				CLANG_WARN_INFINITE_RECURSION = YES;
				CLANG_WARN_INT_CONVERSION = YES;
				CLANG_WARN_NON_LITERAL_NULL_CONVERSION = YES;
				CLANG_WARN_OBJC_IMPLICIT_RETAIN_SELF = YES;
				CLANG_WARN_OBJC_LITERAL_CONVERSION = YES;
				CLANG_WARN_OBJC_ROOT_CLASS = YES_ERROR;
				CLANG_WARN_QUOTED_INCLUDE_IN_FRAMEWORK_HEADER = YES;
				CLANG_WARN_RANGE_LOOP_ANALYSIS = YES;
				CLANG_WARN_STRICT_PROTOTYPES = YES;
				CLANG_WARN_SUSPICIOUS_MOVE = YES;
				CLANG_WARN_UNGUARDED_AVAILABILITY = YES_AGGRESSIVE;
				CLANG_WARN_UNREACHABLE_CODE = YES;
				CLANG_WARN__DUPLICATE_METHOD_MATCH = YES;
				COPY_PHASE_STRIP = NO;
				DEBUG_INFORMATION_FORMAT = dwarf;
				ENABLE_STRICT_OBJC_MSGSEND = YES;
				ENABLE_TESTABILITY = YES;
				ENABLE_USER_SCRIPT_SANDBOXING = YES;
				GCC_C_LANGUAGE_STANDARD = gnu17;
				GCC_DYNAMIC_NO_PIC = NO;
				GCC_NO_COMMON_BLOCKS = YES;
				GCC_OPTIMIZATION_LEVEL = 0;
				GCC_PREPROCESSOR_DEFINITIONS = (
					"DEBUG=1",
					"$(inherited)",
				);
				GCC_WARN_64_TO_32_BIT_CONVERSION = YES;
				GCC_WARN_ABOUT_RETURN_TYPE = YES_ERROR;
				GCC_WARN_UNDECLARED_SELECTOR = YES;
				GCC_WARN_UNINITIALIZED_AUTOS = YES_AGGRESSIVE;
				GCC_WARN_UNUSED_FUNCTION = YES;
				GCC_WARN_UNUSED_VARIABLE = YES;
				IPHONEOS_DEPLOYMENT_TARGET = 17.5;
				LOCALIZATION_PREFERS_STRING_CATALOGS = YES;
				MTL_ENABLE_DEBUG_INFO = INCLUDE_SOURCE;
				MTL_FAST_MATH = YES;
				ONLY_ACTIVE_ARCH = YES;
				SDKROOT = iphoneos;
				SWIFT_ACTIVE_COMPILATION_CONDITIONS = "DEBUG $(inherited)";
				SWIFT_OPTIMIZATION_LEVEL = "-Onone";
			};
			name = Debug;
		};
		95367E842C7B964A007E490A /* Release */ = {
			isa = XCBuildConfiguration;
			buildSettings = {
				ALWAYS_SEARCH_USER_PATHS = NO;
				ASSETCATALOG_COMPILER_GENERATE_SWIFT_ASSET_SYMBOL_EXTENSIONS = YES;
				CLANG_ANALYZER_NONNULL = YES;
				CLANG_ANALYZER_NUMBER_OBJECT_CONVERSION = YES_AGGRESSIVE;
				CLANG_CXX_LANGUAGE_STANDARD = "gnu++20";
				CLANG_ENABLE_MODULES = YES;
				CLANG_ENABLE_OBJC_ARC = YES;
				CLANG_ENABLE_OBJC_WEAK = YES;
				CLANG_WARN_BLOCK_CAPTURE_AUTORELEASING = YES;
				CLANG_WARN_BOOL_CONVERSION = YES;
				CLANG_WARN_COMMA = YES;
				CLANG_WARN_CONSTANT_CONVERSION = YES;
				CLANG_WARN_DEPRECATED_OBJC_IMPLEMENTATIONS = YES;
				CLANG_WARN_DIRECT_OBJC_ISA_USAGE = YES_ERROR;
				CLANG_WARN_DOCUMENTATION_COMMENTS = YES;
				CLANG_WARN_EMPTY_BODY = YES;
				CLANG_WARN_ENUM_CONVERSION = YES;
				CLANG_WARN_INFINITE_RECURSION = YES;
				CLANG_WARN_INT_CONVERSION = YES;
				CLANG_WARN_NON_LITERAL_NULL_CONVERSION = YES;
				CLANG_WARN_OBJC_IMPLICIT_RETAIN_SELF = YES;
				CLANG_WARN_OBJC_LITERAL_CONVERSION = YES;
				CLANG_WARN_OBJC_ROOT_CLASS = YES_ERROR;
				CLANG_WARN_QUOTED_INCLUDE_IN_FRAMEWORK_HEADER = YES;
				CLANG_WARN_RANGE_LOOP_ANALYSIS = YES;
				CLANG_WARN_STRICT_PROTOTYPES = YES;
				CLANG_WARN_SUSPICIOUS_MOVE = YES;
				CLANG_WARN_UNGUARDED_AVAILABILITY = YES_AGGRESSIVE;
				CLANG_WARN_UNREACHABLE_CODE = YES;
				CLANG_WARN__DUPLICATE_METHOD_MATCH = YES;
				COPY_PHASE_STRIP = NO;
				DEBUG_INFORMATION_FORMAT = "dwarf-with-dsym";
				ENABLE_NS_ASSERTIONS = NO;
				ENABLE_STRICT_OBJC_MSGSEND = YES;
				ENABLE_USER_SCRIPT_SANDBOXING = YES;
				GCC_C_LANGUAGE_STANDARD = gnu17;
				GCC_NO_COMMON_BLOCKS = YES;
				GCC_WARN_64_TO_32_BIT_CONVERSION = YES;
				GCC_WARN_ABOUT_RETURN_TYPE = YES_ERROR;
				GCC_WARN_UNDECLARED_SELECTOR = YES;
				GCC_WARN_UNINITIALIZED_AUTOS = YES_AGGRESSIVE;
				GCC_WARN_UNUSED_FUNCTION = YES;
				GCC_WARN_UNUSED_VARIABLE = YES;
				IPHONEOS_DEPLOYMENT_TARGET = 17.5;
				LOCALIZATION_PREFERS_STRING_CATALOGS = YES;
				MTL_ENABLE_DEBUG_INFO = NO;
				MTL_FAST_MATH = YES;
				SDKROOT = iphoneos;
				SWIFT_COMPILATION_MODE = wholemodule;
				VALIDATE_PRODUCT = YES;
			};
			name = Release;
		};
		95367E862C7B964B007E490A /* Debug */ = {
			isa = XCBuildConfiguration;
			buildSettings = {
				ASSETCATALOG_COMPILER_APPICON_NAME = AppIcon;
				ASSETCATALOG_COMPILER_GLOBAL_ACCENT_COLOR_NAME = AccentColor;
				CODE_SIGN_STYLE = Automatic;
				CURRENT_PROJECT_VERSION = 1;
				DEVELOPMENT_ASSET_PATHS = "\"Quiz-App/Preview Content\"";
				ENABLE_PREVIEWS = YES;
				GENERATE_INFOPLIST_FILE = YES;
				INFOPLIST_KEY_UIApplicationSceneManifest_Generation = YES;
				INFOPLIST_KEY_UIApplicationSupportsIndirectInputEvents = YES;
				INFOPLIST_KEY_UILaunchScreen_Generation = YES;
				INFOPLIST_KEY_UISupportedInterfaceOrientations_iPad = "UIInterfaceOrientationPortrait UIInterfaceOrientationPortraitUpsideDown UIInterfaceOrientationLandscapeLeft UIInterfaceOrientationLandscapeRight";
				INFOPLIST_KEY_UISupportedInterfaceOrientations_iPhone = "UIInterfaceOrientationPortrait UIInterfaceOrientationLandscapeLeft UIInterfaceOrientationLandscapeRight";
				LD_RUNPATH_SEARCH_PATHS = (
					"$(inherited)",
					"@executable_path/Frameworks",
				);
				MARKETING_VERSION = 1.0;
				PRODUCT_BUNDLE_IDENTIFIER = "Avik-Mukherjee.Quiz-App";
				PRODUCT_NAME = "$(TARGET_NAME)";
				SWIFT_EMIT_LOC_STRINGS = YES;
				SWIFT_VERSION = 5.0;
				TARGETED_DEVICE_FAMILY = "1,2";
			};
			name = Debug;
		};
		95367E872C7B964B007E490A /* Release */ = {
			isa = XCBuildConfiguration;
			buildSettings = {
				ASSETCATALOG_COMPILER_APPICON_NAME = AppIcon;
				ASSETCATALOG_COMPILER_GLOBAL_ACCENT_COLOR_NAME = AccentColor;
				CODE_SIGN_STYLE = Automatic;
				CURRENT_PROJECT_VERSION = 1;
				DEVELOPMENT_ASSET_PATHS = "\"Quiz-App/Preview Content\"";
				ENABLE_PREVIEWS = YES;
				GENERATE_INFOPLIST_FILE = YES;
				INFOPLIST_KEY_UIApplicationSceneManifest_Generation = YES;
				INFOPLIST_KEY_UIApplicationSupportsIndirectInputEvents = YES;
				INFOPLIST_KEY_UILaunchScreen_Generation = YES;
				INFOPLIST_KEY_UISupportedInterfaceOrientations_iPad = "UIInterfaceOrientationPortrait UIInterfaceOrientationPortraitUpsideDown UIInterfaceOrientationLandscapeLeft UIInterfaceOrientationLandscapeRight";
				INFOPLIST_KEY_UISupportedInterfaceOrientations_iPhone = "UIInterfaceOrientationPortrait UIInterfaceOrientationLandscapeLeft UIInterfaceOrientationLandscapeRight";
				LD_RUNPATH_SEARCH_PATHS = (
					"$(inherited)",
					"@executable_path/Frameworks",
				);
				MARKETING_VERSION = 1.0;
				PRODUCT_BUNDLE_IDENTIFIER = "Avik-Mukherjee.Quiz-App";
				PRODUCT_NAME = "$(TARGET_NAME)";
				SWIFT_EMIT_LOC_STRINGS = YES;
				SWIFT_VERSION = 5.0;
				TARGETED_DEVICE_FAMILY = "1,2";
			};
			name = Release;
		};
/* End XCBuildConfiguration section */

/* Begin XCConfigurationList section */
		95367E722C7B9649007E490A /* Build configuration list for PBXProject "Quiz-App" */ = {
			isa = XCConfigurationList;
			buildConfigurations = (
				95367E832C7B964A007E490A /* Debug */,
				95367E842C7B964A007E490A /* Release */,
			);
			defaultConfigurationIsVisible = 0;
			defaultConfigurationName = Release;
		};
		95367E852C7B964B007E490A /* Build configuration list for PBXNativeTarget "Quiz-App" */ = {
			isa = XCConfigurationList;
			buildConfigurations = (
				95367E862C7B964B007E490A /* Debug */,
				95367E872C7B964B007E490A /* Release */,
			);
			defaultConfigurationIsVisible = 0;
			defaultConfigurationName = Release;
		};
/* End XCConfigurationList section */
	};
	rootObject = 95367E6F2C7B9649007E490A /* Project object */;
}
